
Microsoft Visual Studio Solution File, Format Version 12.00
# Visual Studio Version 17
VisualStudioVersion = 17.0.31919.166
MinimumVisualStudioVersion = 10.0.40219.1
Project("{FAE04EC0-301F-11D3-BF4B-00C04F79EFBC}") = "ProjectKyKo", "ProjectKyKo.csproj", "{436BC9EF-7629-4C40-BCE6-22EE85D672FD}"
EndProject
Global
	GlobalSection(SolutionConfigurationPlatforms) = preSolution
		Debug|Any CPU = Debug|Any CPU
		Release|Any CPU = Release|Any CPU
	EndGlobalSection
	GlobalSection(ProjectConfigurationPlatforms) = postSolution
		{436BC9EF-7629-4C40-BCE6-22EE85D672FD}.Debug|Any CPU.ActiveCfg = Debug|Any CPU
		{436BC9EF-7629-4C40-BCE6-22EE85D672FD}.Debug|Any CPU.Build.0 = Debug|Any CPU
		{436BC9EF-7629-4C40-BCE6-22EE85D672FD}.Release|Any CPU.ActiveCfg = Release|Any CPU
		{436BC9EF-7629-4C40-BCE6-22EE85D672FD}.Release|Any CPU.Build.0 = Release|Any CPU
	EndGlobalSection
	GlobalSection(SolutionProperties) = preSolution
		HideSolutionNode = FALSE
	EndGlobalSection
	GlobalSection(ExtensibilityGlobals) = postSolution
		SolutionGuid = {F5D066FA-104E-47DC-B180-24C17ED2BAD5}
	EndGlobalSection
EndGlobal
